
Microsoft Visual Studio Solution File, Format Version 11.00
# Visual C# Express 2010
Project("{FAE04EC0-301F-11D3-BF4B-00C04F79EFBC}") = "cam10_v02", "cam10_v02\cam10_v02.csproj", "{EA66DAC0-57BF-487C-9D91-06D5C9A748ED}"
EndProject
Global
	GlobalSection(SolutionConfigurationPlatforms) = preSolution
		Debug|Any CPU = Debug|Any CPU
		Release|Any CPU = Release|Any CPU
	EndGlobalSection
	GlobalSection(ProjectConfigurationPlatforms) = postSolution
		{EA66DAC0-57BF-487C-9D91-06D5C9A748ED}.Debug|Any CPU.ActiveCfg = Debug|Any CPU
		{EA66DAC0-57BF-487C-9D91-06D5C9A748ED}.Debug|Any CPU.Build.0 = Debug|Any CPU
		{EA66DAC0-57BF-487C-9D91-06D5C9A748ED}.Release|Any CPU.ActiveCfg = Release|Any CPU
		{EA66DAC0-57BF-487C-9D91-06D5C9A748ED}.Release|Any CPU.Build.0 = Release|Any CPU
	EndGlobalSection
	GlobalSection(SolutionProperties) = preSolution
		HideSolutionNode = FALSE
	EndGlobalSection
EndGlobal
